Microsoft Visual Studio Solution File, Format Version 12.00
# Visual Studio Version 17
VisualStudioVersion = 17.0.31903.59
MinimumVisualStudioVersion = 10.0.40219.1
Project("{FAE04EC0-301F-11D3-BF4B-00C04F79EFBC}") = "OpenPerps.Shared", "src/OpenPerps.Shared/OpenPerps.Shared.csproj", "{2D20281E-4B45-4512-AF30-139A36E24401}"
EndProject
Project("{FAE04EC0-301F-11D3-BF4B-00C04F79EFBC}") = "OpenPerps.Api", "src/OpenPerps.Api/OpenPerps.Api.csproj", "{59BC5A23-8B16-4B63-8FCE-BEB81D63CA02}"
EndProject
Project("{FAE04EC0-301F-11D3-BF4B-00C04F79EFBC}") = "OpenPerps.Indexer", "src/OpenPerps.Indexer/OpenPerps.Indexer.csproj", "{75B07C7D-E030-40C1-801E-AF6C9FB13C03}"
EndProject
Global
	GlobalSection(SolutionConfigurationPlatforms) = preSolution
		Debug|Any CPU = Debug|Any CPU
		Release|Any CPU = Release|Any CPU
	EndGlobalSection
	GlobalSection(ProjectConfigurationPlatforms) = postSolution
		{2D20281E-4B45-4512-AF30-139A36E24401}.Debug|Any CPU.ActiveCfg = Debug|Any CPU
		{2D20281E-4B45-4512-AF30-139A36E24401}.Debug|Any CPU.Build.0 = Debug|Any CPU
		{2D20281E-4B45-4512-AF30-139A36E24401}.Release|Any CPU.ActiveCfg = Release|Any CPU
		{2D20281E-4B45-4512-AF30-139A36E24401}.Release|Any CPU.Build.0 = Release|Any CPU
		{59BC5A23-8B16-4B63-8FCE-BEB81D63CA02}.Debug|Any CPU.ActiveCfg = Debug|Any CPU
		{59BC5A23-8B16-4B63-8FCE-BEB81D63CA02}.Debug|Any CPU.Build.0 = Debug|Any CPU
		{59BC5A23-8B16-4B63-8FCE-BEB81D63CA02}.Release|Any CPU.ActiveCfg = Release|Any CPU
		{59BC5A23-8B16-4B63-8FCE-BEB81D63CA02}.Release|Any CPU.Build.0 = Release|Any CPU
		{75B07C7D-E030-40C1-801E-AF6C9FB13C03}.Debug|Any CPU.ActiveCfg = Debug|Any CPU
		{75B07C7D-E030-40C1-801E-AF6C9FB13C03}.Debug|Any CPU.Build.0 = Debug|Any CPU
		{75B07C7D-E030-40C1-801E-AF6C9FB13C03}.Release|Any CPU.ActiveCfg = Release|Any CPU
		{75B07C7D-E030-40C1-801E-AF6C9FB13C03}.Release|Any CPU.Build.0 = Release|Any CPU
	EndGlobalSection
EndGlobal
